
Microsoft Visual Studio Solution File, Format Version 12.00
# Visual Studio Version 17
VisualStudioVersion = 17.14.36518.9 d17.14
MinimumVisualStudioVersion = 10.0.40219.1
Project("{FAE04EC0-301F-11D3-BF4B-00C04F79EFBC}") = "biblioteca-en-ASP", "biblioteca-en-ASP\biblioteca-en-ASP.csproj", "{FFE624FD-776B-4AF4-A22C-9F85A24EB238}"
EndProject
Global
	GlobalSection(SolutionConfigurationPlatforms) = preSolution
		Debug|Any CPU = Debug|Any CPU
		Release|Any CPU = Release|Any CPU
	EndGlobalSection
	GlobalSection(ProjectConfigurationPlatforms) = postSolution
		{FFE624FD-776B-4AF4-A22C-9F85A24EB238}.Debug|Any CPU.ActiveCfg = Debug|Any CPU
		{FFE624FD-776B-4AF4-A22C-9F85A24EB238}.Debug|Any CPU.Build.0 = Debug|Any CPU
		{FFE624FD-776B-4AF4-A22C-9F85A24EB238}.Release|Any CPU.ActiveCfg = Release|Any CPU
		{FFE624FD-776B-4AF4-A22C-9F85A24EB238}.Release|Any CPU.Build.0 = Release|Any CPU
	EndGlobalSection
	GlobalSection(SolutionProperties) = preSolution
		HideSolutionNode = FALSE
	EndGlobalSection
	GlobalSection(ExtensibilityGlobals) = postSolution
		SolutionGuid = {8037B8F6-AF7B-4ACB-BE05-5E0D2F363995}
	EndGlobalSection
EndGlobal
